
Microsoft Visual Studio Solution File, Format Version 12.00
# Visual Studio Version 16
VisualStudioVersion = 16.0.32802.440
MinimumVisualStudioVersion = 10.0.40219.1
Project("{FAE04EC0-301F-11D3-BF4B-00C04F79EFBC}") = "hw_09_12", "hw_09_12\hw_09_12.csproj", "{EA61FCCC-123C-4F0F-BE95-380253B9B221}"
EndProject
Global
	GlobalSection(SolutionConfigurationPlatforms) = preSolution
		Debug|Any CPU = Debug|Any CPU
		Release|Any CPU = Release|Any CPU
	EndGlobalSection
	GlobalSection(ProjectConfigurationPlatforms) = postSolution
		{EA61FCCC-123C-4F0F-BE95-380253B9B221}.Debug|Any CPU.ActiveCfg = Debug|Any CPU
		{EA61FCCC-123C-4F0F-BE95-380253B9B221}.Debug|Any CPU.Build.0 = Debug|Any CPU
		{EA61FCCC-123C-4F0F-BE95-380253B9B221}.Release|Any CPU.ActiveCfg = Release|Any CPU
		{EA61FCCC-123C-4F0F-BE95-380253B9B221}.Release|Any CPU.Build.0 = Release|Any CPU
	EndGlobalSection
	GlobalSection(SolutionProperties) = preSolution
		HideSolutionNode = FALSE
	EndGlobalSection
	GlobalSection(ExtensibilityGlobals) = postSolution
		SolutionGuid = {7D34D0CF-E52A-405B-9CDC-F0C3805B0C8F}
	EndGlobalSection
EndGlobal
