
Microsoft Visual Studio Solution File, Format Version 12.00
# Visual Studio Version 16
VisualStudioVersion = 16.0.32802.440
MinimumVisualStudioVersion = 10.0.40219.1
Project("{FAE04EC0-301F-11D3-BF4B-00C04F79EFBC}") = "BasicAlgorithmExercises", "BasicAlgorithmExercises\BasicAlgorithmExercises.csproj", "{E4BEFEFC-7F88-4AEA-9958-6D8D78633A61}"
EndProject
Global
	GlobalSection(SolutionConfigurationPlatforms) = preSolution
		Debug|Any CPU = Debug|Any CPU
		Release|Any CPU = Release|Any CPU
	EndGlobalSection
	GlobalSection(ProjectConfigurationPlatforms) = postSolution
		{E4BEFEFC-7F88-4AEA-9958-6D8D78633A61}.Debug|Any CPU.ActiveCfg = Debug|Any CPU
		{E4BEFEFC-7F88-4AEA-9958-6D8D78633A61}.Debug|Any CPU.Build.0 = Debug|Any CPU
		{E4BEFEFC-7F88-4AEA-9958-6D8D78633A61}.Release|Any CPU.ActiveCfg = Release|Any CPU
		{E4BEFEFC-7F88-4AEA-9958-6D8D78633A61}.Release|Any CPU.Build.0 = Release|Any CPU
	EndGlobalSection
	GlobalSection(SolutionProperties) = preSolution
		HideSolutionNode = FALSE
	EndGlobalSection
	GlobalSection(ExtensibilityGlobals) = postSolution
		SolutionGuid = {D1E76946-0CC4-469D-95D9-14DE79A71806}
	EndGlobalSection
EndGlobal
