
Microsoft Visual Studio Solution File, Format Version 12.00
# Visual Studio Version 16
VisualStudioVersion = 16.0.32802.440
MinimumVisualStudioVersion = 10.0.40219.1
Project("{FAE04EC0-301F-11D3-BF4B-00C04F79EFBC}") = "lesson8", "lesson8\lesson8.csproj", "{2E844749-C873-46B6-A7CA-A362E2C7AB8D}"
EndProject
Global
	GlobalSection(SolutionConfigurationPlatforms) = preSolution
		Debug|Any CPU = Debug|Any CPU
		Release|Any CPU = Release|Any CPU
	EndGlobalSection
	GlobalSection(ProjectConfigurationPlatforms) = postSolution
		{2E844749-C873-46B6-A7CA-A362E2C7AB8D}.Debug|Any CPU.ActiveCfg = Debug|Any CPU
		{2E844749-C873-46B6-A7CA-A362E2C7AB8D}.Debug|Any CPU.Build.0 = Debug|Any CPU
		{2E844749-C873-46B6-A7CA-A362E2C7AB8D}.Release|Any CPU.ActiveCfg = Release|Any CPU
		{2E844749-C873-46B6-A7CA-A362E2C7AB8D}.Release|Any CPU.Build.0 = Release|Any CPU
	EndGlobalSection
	GlobalSection(SolutionProperties) = preSolution
		HideSolutionNode = FALSE
	EndGlobalSection
	GlobalSection(ExtensibilityGlobals) = postSolution
		SolutionGuid = {FDF8DFC4-7009-432B-B2CC-05E4E4377CE1}
	EndGlobalSection
EndGlobal
