
Microsoft Visual Studio Solution File, Format Version 12.00
# Visual Studio Version 16
VisualStudioVersion = 16.0.32802.440
MinimumVisualStudioVersion = 10.0.40219.1
Project("{FAE04EC0-301F-11D3-BF4B-00C04F79EFBC}") = "WebApplication1", "WebApplication1\WebApplication1.csproj", "{4A1759D3-2942-401E-B0EB-1289C5D71355}"
EndProject
Global
	GlobalSection(SolutionConfigurationPlatforms) = preSolution
		Debug|Any CPU = Debug|Any CPU
		Release|Any CPU = Release|Any CPU
	EndGlobalSection
	GlobalSection(ProjectConfigurationPlatforms) = postSolution
		{4A1759D3-2942-401E-B0EB-1289C5D71355}.Debug|Any CPU.ActiveCfg = Debug|Any CPU
		{4A1759D3-2942-401E-B0EB-1289C5D71355}.Debug|Any CPU.Build.0 = Debug|Any CPU
		{4A1759D3-2942-401E-B0EB-1289C5D71355}.Release|Any CPU.ActiveCfg = Release|Any CPU
		{4A1759D3-2942-401E-B0EB-1289C5D71355}.Release|Any CPU.Build.0 = Release|Any CPU
	EndGlobalSection
	GlobalSection(SolutionProperties) = preSolution
		HideSolutionNode = FALSE
	EndGlobalSection
	GlobalSection(ExtensibilityGlobals) = postSolution
		SolutionGuid = {6B988FB6-D359-4188-A9C1-383454C9AAC5}
	EndGlobalSection
EndGlobal
